
Microsoft Visual Studio Solution File, Format Version 12.00
# Visual Studio Version 17
VisualStudioVersion = 17.8.34525.116
MinimumVisualStudioVersion = 10.0.40219.1
Project("{FAE04EC0-301F-11D3-BF4B-00C04F79EFBC}") = "Калькулятор Треугольников", "Калькулятор Треугольников.csproj", "{ABACFB5C-6EAB-447F-9E78-2AF62C04CD9D}"
EndProject
Global
	GlobalSection(SolutionConfigurationPlatforms) = preSolution
		Debug|Any CPU = Debug|Any CPU
		Release|Any CPU = Release|Any CPU
	EndGlobalSection
	GlobalSection(ProjectConfigurationPlatforms) = postSolution
		{ABACFB5C-6EAB-447F-9E78-2AF62C04CD9D}.Debug|Any CPU.ActiveCfg = Debug|Any CPU
		{ABACFB5C-6EAB-447F-9E78-2AF62C04CD9D}.Debug|Any CPU.Build.0 = Debug|Any CPU
		{ABACFB5C-6EAB-447F-9E78-2AF62C04CD9D}.Release|Any CPU.ActiveCfg = Release|Any CPU
		{ABACFB5C-6EAB-447F-9E78-2AF62C04CD9D}.Release|Any CPU.Build.0 = Release|Any CPU
	EndGlobalSection
	GlobalSection(SolutionProperties) = preSolution
		HideSolutionNode = FALSE
	EndGlobalSection
	GlobalSection(ExtensibilityGlobals) = postSolution
		SolutionGuid = {FE8D5D21-9F92-45E3-B190-FB8DD9D6CFFE}
	EndGlobalSection
EndGlobal
